// !$*UTF8*$!
{
	archiveVersion = 1;
	classes = {
	};
	objectVersion = 46;
	objects = {

/* Begin PBXBuildFile section */
		D6180BCA1A2C98A5002C77C6 /* MobileCoreServices.framework in Frameworks */ = {isa = PBXBuildFile; fileRef = D6180BC91A2C98A5002C77C6 /* MobileCoreServices.framework */; };
		D6D8467F1A263FF500FC190B /* AppDelegate.swift in Sources */ = {isa = PBXBuildFile; fileRef = D6D8467E1A263FF500FC190B /* AppDelegate.swift */; };
		D6D846811A263FF500FC190B /* ViewController.swift in Sources */ = {isa = PBXBuildFile; fileRef = D6D846801A263FF500FC190B /* ViewController.swift */; };
		D6D846841A263FF500FC190B /* Main.storyboard in Resources */ = {isa = PBXBuildFile; fileRef = D6D846821A263FF500FC190B /* Main.storyboard */; };
		D6D846861A263FF500FC190B /* Images.xcassets in Resources */ = {isa = PBXBuildFile; fileRef = D6D846851A263FF500FC190B /* Images.xcassets */; };
		D6D846891A263FF500FC190B /* LaunchScreen.xib in Resources */ = {isa = PBXBuildFile; fileRef = D6D846871A263FF500FC190B /* LaunchScreen.xib */; };
		D6D846951A263FF500FC190B /* iSouvenirTests.swift in Sources */ = {isa = PBXBuildFile; fileRef = D6D846941A263FF500FC190B /* iSouvenirTests.swift */; };
		D6D8469F1A26407900FC190B /* Mavue.swift in Sources */ = {isa = PBXBuildFile; fileRef = D6D8469E1A26407900FC190B /* Mavue.swift */; };
		D6D846A11A2640F000FC190B /* CoreLocation.framework in Frameworks */ = {isa = PBXBuildFile; fileRef = D6D846A01A2640F000FC190B /* CoreLocation.framework */; };
		D6D846A31A2648E400FC190B /* Annotation.swift in Sources */ = {isa = PBXBuildFile; fileRef = D6D846A21A2648E400FC190B /* Annotation.swift */; };
/* End PBXBuildFile section */

/* Begin PBXContainerItemProxy section */
		D6D8468F1A263FF500FC190B /* PBXContainerItemProxy */ = {
			isa = PBXContainerItemProxy;
			containerPortal = D6D846711A263FF500FC190B /* Project object */;
			proxyType = 1;
			remoteGlobalIDString = D6D846781A263FF500FC190B;
			remoteInfo = iSouvenir;
		};
/* End PBXContainerItemProxy section */

/* Begin PBXFileReference section */
		D6180BC91A2C98A5002C77C6 /* MobileCoreServices.framework */ = {isa = PBXFileReference; lastKnownFileType = wrapper.framework; name = MobileCoreServices.framework; path = System/Library/Frameworks/MobileCoreServices.framework; sourceTree = SDKROOT; };
		D6D846791A263FF500FC190B /* iSouvenir.app */ = {isa = PBXFileReference; explicitFileType = wrapper.application; includeInIndex = 0; path = iSouvenir.app; sourceTree = BUILT_PRODUCTS_DIR; };
		D6D8467D1A263FF500FC190B /* Info.plist */ = {isa = PBXFileReference; lastKnownFileType = text.plist.xml; path = Info.plist; sourceTree = "<group>"; };
		D6D8467E1A263FF500FC190B /* AppDelegate.swift */ = {isa = PBXFileReference; lastKnownFileType = sourcecode.swift; path = AppDelegate.swift; sourceTree = "<group>"; };
		D6D846801A263FF500FC190B /* ViewController.swift */ = {isa = PBXFileReference; lastKnownFileType = sourcecode.swift; path = ViewController.swift; sourceTree = "<group>"; };
		D6D846831A263FF500FC190B /* Base */ = {isa = PBXFileReference; lastKnownFileType = file.storyboard; name = Base; path = Base.lproj/Main.storyboard; sourceTree = "<group>"; };
		D6D846851A263FF500FC190B /* Images.xcassets */ = {isa = PBXFileReference; lastKnownFileType = folder.assetcatalog; path = Images.xcassets; sourceTree = "<group>"; };
		D6D846881A263FF500FC190B /* Base */ = {isa = PBXFileReference; lastKnownFileType = file.xib; name = Base; path = Base.lproj/LaunchScreen.xib; sourceTree = "<group>"; };
		D6D8468E1A263FF500FC190B /* iSouvenirTests.xctest */ = {isa = PBXFileReference; explicitFileType = wrapper.cfbundle; includeInIndex = 0; path = iSouvenirTests.xctest; sourceTree = BUILT_PRODUCTS_DIR; };
		D6D846931A263FF500FC190B /* Info.plist */ = {isa = PBXFileReference; lastKnownFileType = text.plist.xml; path = Info.plist; sourceTree = "<group>"; };
		D6D846941A263FF500FC190B /* iSouvenirTests.swift */ = {isa = PBXFileReference; lastKnownFileType = sourcecode.swift; path = iSouvenirTests.swift; sourceTree = "<group>"; };
		D6D8469E1A26407900FC190B /* Mavue.swift */ = {isa = PBXFileReference; fileEncoding = 4; lastKnownFileType = sourcecode.swift; path = Mavue.swift; sourceTree = "<group>"; };
		D6D846A01A2640F000FC190B /* CoreLocation.framework */ = {isa = PBXFileReference; lastKnownFileType = wrapper.framework; name = CoreLocation.framework; path = System/Library/Frameworks/CoreLocation.framework; sourceTree = SDKROOT; };
		D6D846A21A2648E400FC190B /* Annotation.swift */ = {isa = PBXFileReference; fileEncoding = 4; lastKnownFileType = sourcecode.swift; name = Annotation.swift; path = ../Annotation.swift; sourceTree = "<group>"; };
/* End PBXFileReference section */

/* Begin PBXFrameworksBuildPhase section */
		D6D846761A263FF500FC190B /* Frameworks */ = {
			isa = PBXFrameworksBuildPhase;
			buildActionMask = 2147483647;
			files = (
				D6180BCA1A2C98A5002C77C6 /* MobileCoreServices.framework in Frameworks */,
				D6D846A11A2640F000FC190B /* CoreLocation.framework in Frameworks */,
			);
			runOnlyForDeploymentPostprocessing = 0;
		};
		D6D8468B1A263FF500FC190B /* Frameworks */ = {
			isa = PBXFrameworksBuildPhase;
			buildActionMask = 2147483647;
			files = (
			);
			runOnlyForDeploymentPostprocessing = 0;
		};
/* End PBXFrameworksBuildPhase section */

/* Begin PBXGroup section */
		D6D846701A263FF500FC190B = {
			isa = PBXGroup;
			children = (
				D6180BC91A2C98A5002C77C6 /* MobileCoreServices.framework */,
				D6D846A01A2640F000FC190B /* CoreLocation.framework */,
				D6D8467B1A263FF500FC190B /* iSouvenir */,
				D6D846911A263FF500FC190B /* iSouvenirTests */,
				D6D8467A1A263FF500FC190B /* Products */,
			);
			sourceTree = "<group>";
		};
		D6D8467A1A263FF500FC190B /* Products */ = {
			isa = PBXGroup;
			children = (
				D6D846791A263FF500FC190B /* iSouvenir.app */,
				D6D8468E1A263FF500FC190B /* iSouvenirTests.xctest */,
			);
			name = Products;
			sourceTree = "<group>";
		};
		D6D8467B1A263FF500FC190B /* iSouvenir */ = {
			isa = PBXGroup;
			children = (
				D6D846A21A2648E400FC190B /* Annotation.swift */,
				D6D8467E1A263FF500FC190B /* AppDelegate.swift */,
				D6D846801A263FF500FC190B /* ViewController.swift */,
				D6D846821A263FF500FC190B /* Main.storyboard */,
				D6D846851A263FF500FC190B /* Images.xcassets */,
				D6D846871A263FF500FC190B /* LaunchScreen.xib */,
				D6D8467C1A263FF500FC190B /* Supporting Files */,
				D6D8469E1A26407900FC190B /* Mavue.swift */,
			);
			path = iSouvenir;
			sourceTree = "<group>";
		};
		D6D8467C1A263FF500FC190B /* Supporting Files */ = {
			isa = PBXGroup;
			children = (
				D6D8467D1A263FF500FC190B /* Info.plist */,
			);
			name = "Supporting Files";
			sourceTree = "<group>";
		};
		D6D846911A263FF500FC190B /* iSouvenirTests */ = {
			isa = PBXGroup;
			children = (
				D6D846941A263FF500FC190B /* iSouvenirTests.swift */,
				D6D846921A263FF500FC190B /* Supporting Files */,
			);
			path = iSouvenirTests;
			sourceTree = "<group>";
		};
		D6D846921A263FF500FC190B /* Supporting Files */ = {
			isa = PBXGroup;
			children = (
				D6D846931A263FF500FC190B /* Info.plist */,
			);
			name = "Supporting Files";
			sourceTree = "<group>";
		};
/* End PBXGroup section */

/* Begin PBXNativeTarget section */
		D6D846781A263FF500FC190B /* iSouvenir */ = {
			isa = PBXNativeTarget;
			buildConfigurationList = D6D846981A263FF500FC190B /* Build configuration list for PBXNativeTarget "iSouvenir" */;
			buildPhases = (
				D6D846751A263FF500FC190B /* Sources */,
				D6D846761A263FF500FC190B /* Frameworks */,
				D6D846771A263FF500FC190B /* Resources */,
			);
			buildRules = (
			);
			dependencies = (
			);
			name = iSouvenir;
			productName = iSouvenir;
			productReference = D6D846791A263FF500FC190B /* iSouvenir.app */;
			productType = "com.apple.product-type.application";
		};
		D6D8468D1A263FF500FC190B /* iSouvenirTests */ = {
			isa = PBXNativeTarget;
			buildConfigurationList = D6D8469B1A263FF500FC190B /* Build configuration list for PBXNativeTarget "iSouvenirTests" */;
			buildPhases = (
				D6D8468A1A263FF500FC190B /* Sources */,
				D6D8468B1A263FF500FC190B /* Frameworks */,
				D6D8468C1A263FF500FC190B /* Resources */,
			);
			buildRules = (
			);
			dependencies = (
				D6D846901A263FF500FC190B /* PBXTargetDependency */,
			);
			name = iSouvenirTests;
			productName = iSouvenirTests;
			productReference = D6D8468E1A263FF500FC190B /* iSouvenirTests.xctest */;
			productType = "com.apple.product-type.bundle.unit-test";
		};
/* End PBXNativeTarget section */

/* Begin PBXProject section */
		D6D846711A263FF500FC190B /* Project object */ = {
			isa = PBXProject;
			attributes = {
				LastUpgradeCheck = 0600;
				ORGANIZATIONNAME = m2sar;
				TargetAttributes = {
					D6D846781A263FF500FC190B = {
						CreatedOnToolsVersion = 6.0;
						DevelopmentTeam = L99GSY552M;
						SystemCapabilities = {
							com.apple.BackgroundModes = {
								enabled = 1;
							};
						};
					};
					D6D8468D1A263FF500FC190B = {
						CreatedOnToolsVersion = 6.0;
						TestTargetID = D6D846781A263FF500FC190B;
					};
				};
			};
			buildConfigurationList = D6D846741A263FF500FC190B /* Build configuration list for PBXProject "iSouvenir" */;
			compatibilityVersion = "Xcode 3.2";
			developmentRegion = English;
			hasScannedForEncodings = 0;
			knownRegions = (
				en,
				Base,
			);
			mainGroup = D6D846701A263FF500FC190B;
			productRefGroup = D6D8467A1A263FF500FC190B /* Products */;
			projectDirPath = "";
			projectRoot = "";
			targets = (
				D6D846781A263FF500FC190B /* iSouvenir */,
				D6D8468D1A263FF500FC190B /* iSouvenirTests */,
			);
		};
/* End PBXProject section */

/* Begin PBXResourcesBuildPhase section */
		D6D846771A263FF500FC190B /* Resources */ = {
			isa = PBXResourcesBuildPhase;
			buildActionMask = 2147483647;
			files = (
				D6D846841A263FF500FC190B /* Main.storyboard in Resources */,
				D6D846891A263FF500FC190B /* LaunchScreen.xib in Resources */,
				D6D846861A263FF500FC190B /* Images.xcassets in Resources */,
			);
			runOnlyForDeploymentPostprocessing = 0;
		};
		D6D8468C1A263FF500FC190B /* Resources */ = {
			isa = PBXResourcesBuildPhase;
			buildActionMask = 2147483647;
			files = (
			);
			runOnlyForDeploymentPostprocessing = 0;
		};
/* End PBXResourcesBuildPhase section */

/* Begin PBXSourcesBuildPhase section */
		D6D846751A263FF500FC190B /* Sources */ = {
			isa = PBXSourcesBuildPhase;
			buildActionMask = 2147483647;
			files = (
				D6D846811A263FF500FC190B /* ViewController.swift in Sources */,
				D6D846A31A2648E400FC190B /* Annotation.swift in Sources */,
				D6D8469F1A26407900FC190B /* Mavue.swift in Sources */,
				D6D8467F1A263FF500FC190B /* AppDelegate.swift in Sources */,
			);
			runOnlyForDeploymentPostprocessing = 0;
		};
		D6D8468A1A263FF500FC190B /* Sources */ = {
			isa = PBXSourcesBuildPhase;
			buildActionMask = 2147483647;
			files = (
				D6D846951A263FF500FC190B /* iSouvenirTests.swift in Sources */,
			);
			runOnlyForDeploymentPostprocessing = 0;
		};
/* End PBXSourcesBuildPhase section */

/* Begin PBXTargetDependency section */
		D6D846901A263FF500FC190B /* PBXTargetDependency */ = {
			isa = PBXTargetDependency;
			target = D6D846781A263FF500FC190B /* iSouvenir */;
			targetProxy = D6D8468F1A263FF500FC190B /* PBXContainerItemProxy */;
		};
/* End PBXTargetDependency section */

/* Begin PBXVariantGroup section */
		D6D846821A263FF500FC190B /* Main.storyboard */ = {
			isa = PBXVariantGroup;
			children = (
				D6D846831A263FF500FC190B /* Base */,
			);
			name = Main.storyboard;
			sourceTree = "<group>";
		};
		D6D846871A263FF500FC190B /* LaunchScreen.xib */ = {
			isa = PBXVariantGroup;
			children = (
				D6D846881A263FF500FC190B /* Base */,
			);
			name = LaunchScreen.xib;
			sourceTree = "<group>";
		};
/* End PBXVariantGroup section */

/* Begin XCBuildConfiguration section */
		D6D846961A263FF500FC190B /* Debug */ = {
			isa = XCBuildConfiguration;
			buildSettings = {
				ALWAYS_SEARCH_USER_PATHS = NO;
				CLANG_CXX_LANGUAGE_STANDARD = "gnu++0x";
				CLANG_CXX_LIBRARY = "libc++";
				CLANG_ENABLE_MODULES = YES;
				CLANG_ENABLE_OBJC_ARC = YES;
				CLANG_WARN_BOOL_CONVERSION = YES;
				CLANG_WARN_CONSTANT_CONVERSION = YES;
				CLANG_WARN_DIRECT_OBJC_ISA_USAGE = YES_ERROR;
				CLANG_WARN_EMPTY_BODY = YES;
				CLANG_WARN_ENUM_CONVERSION = YES;
				CLANG_WARN_INT_CONVERSION = YES;
				CLANG_WARN_OBJC_ROOT_CLASS = YES_ERROR;
				CLANG_WARN_UNREACHABLE_CODE = YES;
				CLANG_WARN__DUPLICATE_METHOD_MATCH = YES;
				"CODE_SIGN_IDENTITY[sdk=iphoneos*]" = "iPhone Developer";
				COPY_PHASE_STRIP = NO;
				ENABLE_STRICT_OBJC_MSGSEND = YES;
				GCC_C_LANGUAGE_STANDARD = gnu99;
				GCC_DYNAMIC_NO_PIC = NO;
				GCC_OPTIMIZATION_LEVEL = 0;
				GCC_PREPROCESSOR_DEFINITIONS = (
					"DEBUG=1",
					"$(inherited)",
				);
				GCC_SYMBOLS_PRIVATE_EXTERN = NO;
				GCC_WARN_64_TO_32_BIT_CONVERSION = YES;
				GCC_WARN_ABOUT_RETURN_TYPE = YES_ERROR;
				GCC_WARN_UNDECLARED_SELECTOR = YES;
				GCC_WARN_UNINITIALIZED_AUTOS = YES_AGGRESSIVE;
				GCC_WARN_UNUSED_FUNCTION = YES;
				GCC_WARN_UNUSED_VARIABLE = YES;
				IPHONEOS_DEPLOYMENT_TARGET = 8.0;
				MTL_ENABLE_DEBUG_INFO = YES;
				ONLY_ACTIVE_ARCH = YES;
				SDKROOT = iphoneos;
				SWIFT_OPTIMIZATION_LEVEL = "-Onone";
				TARGETED_DEVICE_FAMILY = "1,2";
			};
			name = Debug;
		};
		D6D846971A263FF500FC190B /* Release */ = {
			isa = XCBuildConfiguration;
			buildSettings = {
				ALWAYS_SEARCH_USER_PATHS = NO;
				CLANG_CXX_LANGUAGE_STANDARD = "gnu++0x";
				CLANG_CXX_LIBRARY = "libc++";
				CLANG_ENABLE_MODULES = YES;
				CLANG_ENABLE_OBJC_ARC = YES;
				CLANG_WARN_BOOL_CONVERSION = YES;
				CLANG_WARN_CONSTANT_CONVERSION = YES;
				CLANG_WARN_DIRECT_OBJC_ISA_USAGE = YES_ERROR;
				CLANG_WARN_EMPTY_BODY = YES;
				CLANG_WARN_ENUM_CONVERSION = YES;
				CLANG_WARN_INT_CONVERSION = YES;
				CLANG_WARN_OBJC_ROOT_CLASS = YES_ERROR;
				CLANG_WARN_UNREACHABLE_CODE = YES;
				CLANG_WARN__DUPLICATE_METHOD_MATCH = YES;
				"CODE_SIGN_IDENTITY[sdk=iphoneos*]" = "iPhone Developer";
				COPY_PHASE_STRIP = YES;
				ENABLE_NS_ASSERTIONS = NO;
				ENABLE_STRICT_OBJC_MSGSEND = YES;
				GCC_C_LANGUAGE_STANDARD = gnu99;
				GCC_WARN_64_TO_32_BIT_CONVERSION = YES;
				GCC_WARN_ABOUT_RETURN_TYPE = YES_ERROR;
				GCC_WARN_UNDECLARED_SELECTOR = YES;
				GCC_WARN_UNINITIALIZED_AUTOS = YES_AGGRESSIVE;
				GCC_WARN_UNUSED_FUNCTION = YES;
				GCC_WARN_UNUSED_VARIABLE = YES;
				IPHONEOS_DEPLOYMENT_TARGET = 8.0;
				MTL_ENABLE_DEBUG_INFO = NO;
				SDKROOT = iphoneos;
				TARGETED_DEVICE_FAMILY = "1,2";
				VALIDATE_PRODUCT = YES;
			};
			name = Release;
		};
		D6D846991A263FF500FC190B /* Debug */ = {
			isa = XCBuildConfiguration;
			buildSettings = {
				ASSETCATALOG_COMPILER_APPICON_NAME = AppIcon;
				CODE_SIGN_IDENTITY = "iPhone Developer";
				"CODE_SIGN_IDENTITY[sdk=iphoneos*]" = "iPhone Developer";
				INFOPLIST_FILE = iSouvenir/Info.plist;
				LD_RUNPATH_SEARCH_PATHS = "$(inherited) @executable_path/Frameworks";
				PRODUCT_NAME = "$(TARGET_NAME)";
				PROVISIONING_PROFILE = "";
			};
			name = Debug;
		};
		D6D8469A1A263FF500FC190B /* Release */ = {
			isa = XCBuildConfiguration;
			buildSettings = {
				ASSETCATALOG_COMPILER_APPICON_NAME = AppIcon;
				CODE_SIGN_IDENTITY = "iPhone Developer";
				"CODE_SIGN_IDENTITY[sdk=iphoneos*]" = "iPhone Developer";
				INFOPLIST_FILE = iSouvenir/Info.plist;
				LD_RUNPATH_SEARCH_PATHS = "$(inherited) @executable_path/Frameworks";
				PRODUCT_NAME = "$(TARGET_NAME)";
				PROVISIONING_PROFILE = "";
			};
			name = Release;
		};
		D6D8469C1A263FF500FC190B /* Debug */ = {
			isa = XCBuildConfiguration;
			buildSettings = {
				BUNDLE_LOADER = "$(TEST_HOST)";
				FRAMEWORK_SEARCH_PATHS = (
					"$(SDKROOT)/Developer/Library/Frameworks",
					"$(inherited)",
				);
				GCC_PREPROCESSOR_DEFINITIONS = (
					"DEBUG=1",
					"$(inherited)",
				);
				INFOPLIST_FILE = iSouvenirTests/Info.plist;
				LD_RUNPATH_SEARCH_PATHS = "$(inherited) @executable_path/Frameworks @loader_path/Frameworks";
				PRODUCT_NAME = "$(TARGET_NAME)";
				TEST_HOST = "$(BUILT_PRODUCTS_DIR)/iSouvenir.app/iSouvenir";
			};
			name = Debug;
		};
		D6D8469D1A263FF500FC190B /* Release */ = {
			isa = XCBuildConfiguration;
			buildSettings = {
				BUNDLE_LOADER = "$(TEST_HOST)";
				FRAMEWORK_SEARCH_PATHS = (
					"$(SDKROOT)/Developer/Library/Frameworks",
					"$(inherited)",
				);
				INFOPLIST_FILE = iSouvenirTests/Info.plist;
				LD_RUNPATH_SEARCH_PATHS = "$(inherited) @executable_path/Frameworks @loader_path/Frameworks";
				PRODUCT_NAME = "$(TARGET_NAME)";
				TEST_HOST = "$(BUILT_PRODUCTS_DIR)/iSouvenir.app/iSouvenir";
			};
			name = Release;
		};
/* End XCBuildConfiguration section */

/* Begin XCConfigurationList section */
		D6D846741A263FF500FC190B /* Build configuration list for PBXProject "iSouvenir" */ = {
			isa = XCConfigurationList;
			buildConfigurations = (
				D6D846961A263FF500FC190B /* Debug */,
				D6D846971A263FF500FC190B /* Release */,
			);
			defaultConfigurationIsVisible = 0;
			defaultConfigurationName = Release;
		};
		D6D846981A263FF500FC190B /* Build configuration list for PBXNativeTarget "iSouvenir" */ = {
			isa = XCConfigurationList;
			buildConfigurations = (
				D6D846991A263FF500FC190B /* Debug */,
				D6D8469A1A263FF500FC190B /* Release */,
			);
			defaultConfigurationIsVisible = 0;
			defaultConfigurationName = Release;
		};
		D6D8469B1A263FF500FC190B /* Build configuration list for PBXNativeTarget "iSouvenirTests" */ = {
			isa = XCConfigurationList;
			buildConfigurations = (
				D6D8469C1A263FF500FC190B /* Debug */,
				D6D8469D1A263FF500FC190B /* Release */,
			);
			defaultConfigurationIsVisible = 0;
			defaultConfigurationName = Release;
		};
/* End XCConfigurationList section */
	};
	rootObject = D6D846711A263FF500FC190B /* Project object */;
}
